// !$*UTF8*$!
{
	archiveVersion = 1;
	classes = {
	};
	objectVersion = 50;
	objects = {

/* Begin PBXBuildFile section */
		346F11BC26E2784400442CFB /* AppDelegate.m in Sources */ = {isa = PBXBuildFile; fileRef = 346F11BB26E2784400442CFB /* AppDelegate.m */; };
		346F11BF26E2784400442CFB /* SceneDelegate.m in Sources */ = {isa = PBXBuildFile; fileRef = 346F11BE26E2784400442CFB /* SceneDelegate.m */; };
		346F11C226E2784400442CFB /* ViewController.m in Sources */ = {isa = PBXBuildFile; fileRef = 346F11C126E2784400442CFB /* ViewController.m */; };
		346F11C526E2784400442CFB /* Main.storyboard in Resources */ = {isa = PBXBuildFile; fileRef = 346F11C326E2784400442CFB /* Main.storyboard */; };
		346F11C726E2784500442CFB /* Assets.xcassets in Resources */ = {isa = PBXBuildFile; fileRef = 346F11C626E2784500442CFB /* Assets.xcassets */; };
		346F11CA26E2784500442CFB /* LaunchScreen.storyboard in Resources */ = {isa = PBXBuildFile; fileRef = 346F11C826E2784500442CFB /* LaunchScreen.storyboard */; };
		346F11CD26E2784500442CFB /* main.m in Sources */ = {isa = PBXBuildFile; fileRef = 346F11CC26E2784500442CFB /* main.m */; };
		346F11D726E2784600442CFB /* ComponentBusTests.m in Sources */ = {isa = PBXBuildFile; fileRef = 346F11D626E2784600442CFB /* ComponentBusTests.m */; };
		346F11E226E2784600442CFB /* ComponentBusUITests.m in Sources */ = {isa = PBXBuildFile; fileRef = 346F11E126E2784600442CFB /* ComponentBusUITests.m */; };
		70C36FBBFF2E7BE89C345481 /* Pods_ComponentBus_ComponentBusUITests.framework in Frameworks */ = {isa = PBXBuildFile; fileRef = 6442DEB27383861FAEB1145E /* Pods_ComponentBus_ComponentBusUITests.framework */; };
		91895BDBD27EB22D02A393F6 /* Pods_ComponentBusTests.framework in Frameworks */ = {isa = PBXBuildFile; fileRef = 780F395ED11C5BB091715005 /* Pods_ComponentBusTests.framework */; };
		93B3474B7B72093690FD321D /* Pods_ComponentBus.framework in Frameworks */ = {isa = PBXBuildFile; fileRef = BEA3C9D1982BCF08F925F413 /* Pods_ComponentBus.framework */; };
/* End PBXBuildFile section */

/* Begin PBXContainerItemProxy section */
		346F11D326E2784600442CFB /* PBXContainerItemProxy */ = {
			isa = PBXContainerItemProxy;
			containerPortal = 346F11AF26E2784400442CFB /* Project object */;
			proxyType = 1;
			remoteGlobalIDString = 346F11B626E2784400442CFB;
			remoteInfo = ComponentBus;
		};
		346F11DE26E2784600442CFB /* PBXContainerItemProxy */ = {
			isa = PBXContainerItemProxy;
			containerPortal = 346F11AF26E2784400442CFB /* Project object */;
			proxyType = 1;
			remoteGlobalIDString = 346F11B626E2784400442CFB;
			remoteInfo = ComponentBus;
		};
/* End PBXContainerItemProxy section */

/* Begin PBXFileReference section */
		1DAD846B3EE88D000ABF776F /* Pods-ComponentBusTests.release.xcconfig */ = {isa = PBXFileReference; includeInIndex = 1; lastKnownFileType = text.xcconfig; name = "Pods-ComponentBusTests.release.xcconfig"; path = "Target Support Files/Pods-ComponentBusTests/Pods-ComponentBusTests.release.xcconfig"; sourceTree = "<group>"; };
		346F11B726E2784400442CFB /* ComponentBus.app */ = {isa = PBXFileReference; explicitFileType = wrapper.application; includeInIndex = 0; path = ComponentBus.app; sourceTree = BUILT_PRODUCTS_DIR; };
		346F11BA26E2784400442CFB /* AppDelegate.h */ = {isa = PBXFileReference; lastKnownFileType = sourcecode.c.h; path = AppDelegate.h; sourceTree = "<group>"; };
		346F11BB26E2784400442CFB /* AppDelegate.m */ = {isa = PBXFileReference; lastKnownFileType = sourcecode.c.objc; path = AppDelegate.m; sourceTree = "<group>"; };
		346F11BD26E2784400442CFB /* SceneDelegate.h */ = {isa = PBXFileReference; lastKnownFileType = sourcecode.c.h; path = SceneDelegate.h; sourceTree = "<group>"; };
		346F11BE26E2784400442CFB /* SceneDelegate.m */ = {isa = PBXFileReference; lastKnownFileType = sourcecode.c.objc; path = SceneDelegate.m; sourceTree = "<group>"; };
		346F11C026E2784400442CFB /* ViewController.h */ = {isa = PBXFileReference; lastKnownFileType = sourcecode.c.h; path = ViewController.h; sourceTree = "<group>"; };
		346F11C126E2784400442CFB /* ViewController.m */ = {isa = PBXFileReference; lastKnownFileType = sourcecode.c.objc; path = ViewController.m; sourceTree = "<group>"; };
		346F11C426E2784400442CFB /* Base */ = {isa = PBXFileReference; lastKnownFileType = file.storyboard; name = Base; path = Base.lproj/Main.storyboard; sourceTree = "<group>"; };
		346F11C626E2784500442CFB /* Assets.xcassets */ = {isa = PBXFileReference; lastKnownFileType = folder.assetcatalog; path = Assets.xcassets; sourceTree = "<group>"; };
		346F11C926E2784500442CFB /* Base */ = {isa = PBXFileReference; lastKnownFileType = file.storyboard; name = Base; path = Base.lproj/LaunchScreen.storyboard; sourceTree = "<group>"; };
		346F11CB26E2784500442CFB /* Info.plist */ = {isa = PBXFileReference; lastKnownFileType = text.plist.xml; path = Info.plist; sourceTree = "<group>"; };
		346F11CC26E2784500442CFB /* main.m */ = {isa = PBXFileReference; lastKnownFileType = sourcecode.c.objc; path = main.m; sourceTree = "<group>"; };
		346F11D226E2784600442CFB /* ComponentBusTests.xctest */ = {isa = PBXFileReference; explicitFileType = wrapper.cfbundle; includeInIndex = 0; path = ComponentBusTests.xctest; sourceTree = BUILT_PRODUCTS_DIR; };
		346F11D626E2784600442CFB /* ComponentBusTests.m */ = {isa = PBXFileReference; lastKnownFileType = sourcecode.c.objc; path = ComponentBusTests.m; sourceTree = "<group>"; };
		346F11D826E2784600442CFB /* Info.plist */ = {isa = PBXFileReference; lastKnownFileType = text.plist.xml; path = Info.plist; sourceTree = "<group>"; };
		346F11DD26E2784600442CFB /* ComponentBusUITests.xctest */ = {isa = PBXFileReference; explicitFileType = wrapper.cfbundle; includeInIndex = 0; path = ComponentBusUITests.xctest; sourceTree = BUILT_PRODUCTS_DIR; };
		346F11E126E2784600442CFB /* ComponentBusUITests.m */ = {isa = PBXFileReference; lastKnownFileType = sourcecode.c.objc; path = ComponentBusUITests.m; sourceTree = "<group>"; };
		346F11E326E2784600442CFB /* Info.plist */ = {isa = PBXFileReference; lastKnownFileType = text.plist.xml; path = Info.plist; sourceTree = "<group>"; };
		3F837533D9781F988BA0AF98 /* Pods-ComponentBus.debug.xcconfig */ = {isa = PBXFileReference; includeInIndex = 1; lastKnownFileType = text.xcconfig; name = "Pods-ComponentBus.debug.xcconfig"; path = "Target Support Files/Pods-ComponentBus/Pods-ComponentBus.debug.xcconfig"; sourceTree = "<group>"; };
		5E243E6DEBCA21C5D0BE3B3D /* Pods-ComponentBusTests.debug.xcconfig */ = {isa = PBXFileReference; includeInIndex = 1; lastKnownFileType = text.xcconfig; name = "Pods-ComponentBusTests.debug.xcconfig"; path = "Target Support Files/Pods-ComponentBusTests/Pods-ComponentBusTests.debug.xcconfig"; sourceTree = "<group>"; };
		6442DEB27383861FAEB1145E /* Pods_ComponentBus_ComponentBusUITests.framework */ = {isa = PBXFileReference; explicitFileType = wrapper.framework; includeInIndex = 0; path = Pods_ComponentBus_ComponentBusUITests.framework; sourceTree = BUILT_PRODUCTS_DIR; };
		6CD2A144BD7EE17BB3C4B7EA /* Pods-ComponentBus-ComponentBusUITests.release.xcconfig */ = {isa = PBXFileReference; includeInIndex = 1; lastKnownFileType = text.xcconfig; name = "Pods-ComponentBus-ComponentBusUITests.release.xcconfig"; path = "Target Support Files/Pods-ComponentBus-ComponentBusUITests/Pods-ComponentBus-ComponentBusUITests.release.xcconfig"; sourceTree = "<group>"; };
		780F395ED11C5BB091715005 /* Pods_ComponentBusTests.framework */ = {isa = PBXFileReference; explicitFileType = wrapper.framework; includeInIndex = 0; path = Pods_ComponentBusTests.framework; sourceTree = BUILT_PRODUCTS_DIR; };
		BEA3C9D1982BCF08F925F413 /* Pods_ComponentBus.framework */ = {isa = PBXFileReference; explicitFileType = wrapper.framework; includeInIndex = 0; path = Pods_ComponentBus.framework; sourceTree = BUILT_PRODUCTS_DIR; };
		E35F58A36BC8488C98BF0C3E /* Pods-ComponentBus.release.xcconfig */ = {isa = PBXFileReference; includeInIndex = 1; lastKnownFileType = text.xcconfig; name = "Pods-ComponentBus.release.xcconfig"; path = "Target Support Files/Pods-ComponentBus/Pods-ComponentBus.release.xcconfig"; sourceTree = "<group>"; };
		ECEF2739C2F90C0310606E56 /* Pods-ComponentBus-ComponentBusUITests.debug.xcconfig */ = {isa = PBXFileReference; includeInIndex = 1; lastKnownFileType = text.xcconfig; name = "Pods-ComponentBus-ComponentBusUITests.debug.xcconfig"; path = "Target Support Files/Pods-ComponentBus-ComponentBusUITests/Pods-ComponentBus-ComponentBusUITests.debug.xcconfig"; sourceTree = "<group>"; };
/* End PBXFileReference section */

/* Begin PBXFrameworksBuildPhase section */
		346F11B426E2784400442CFB /* Frameworks */ = {
			isa = PBXFrameworksBuildPhase;
			buildActionMask = 2147483647;
			files = (
				93B3474B7B72093690FD321D /* Pods_ComponentBus.framework in Frameworks */,
			);
			runOnlyForDeploymentPostprocessing = 0;
		};
		346F11CF26E2784600442CFB /* Frameworks */ = {
			isa = PBXFrameworksBuildPhase;
			buildActionMask = 2147483647;
			files = (
				91895BDBD27EB22D02A393F6 /* Pods_ComponentBusTests.framework in Frameworks */,
			);
			runOnlyForDeploymentPostprocessing = 0;
		};
		346F11DA26E2784600442CFB /* Frameworks */ = {
			isa = PBXFrameworksBuildPhase;
			buildActionMask = 2147483647;
			files = (
				70C36FBBFF2E7BE89C345481 /* Pods_ComponentBus_ComponentBusUITests.framework in Frameworks */,
			);
			runOnlyForDeploymentPostprocessing = 0;
		};
/* End PBXFrameworksBuildPhase section */

/* Begin PBXGroup section */
		346F11AE26E2784400442CFB = {
			isa = PBXGroup;
			children = (
				346F11B926E2784400442CFB /* ComponentBus */,
				346F11D526E2784600442CFB /* ComponentBusTests */,
				346F11E026E2784600442CFB /* ComponentBusUITests */,
				346F11B826E2784400442CFB /* Products */,
				B61FF817376D131610631383 /* Pods */,
				509D43585D79D0D9CC25909F /* Frameworks */,
			);
			sourceTree = "<group>";
		};
		346F11B826E2784400442CFB /* Products */ = {
			isa = PBXGroup;
			children = (
				346F11B726E2784400442CFB /* ComponentBus.app */,
				346F11D226E2784600442CFB /* ComponentBusTests.xctest */,
				346F11DD26E2784600442CFB /* ComponentBusUITests.xctest */,
			);
			name = Products;
			sourceTree = "<group>";
		};
		346F11B926E2784400442CFB /* ComponentBus */ = {
			isa = PBXGroup;
			children = (
				346F11BA26E2784400442CFB /* AppDelegate.h */,
				346F11BB26E2784400442CFB /* AppDelegate.m */,
				346F11BD26E2784400442CFB /* SceneDelegate.h */,
				346F11BE26E2784400442CFB /* SceneDelegate.m */,
				346F11C026E2784400442CFB /* ViewController.h */,
				346F11C126E2784400442CFB /* ViewController.m */,
				346F11C326E2784400442CFB /* Main.storyboard */,
				346F11C626E2784500442CFB /* Assets.xcassets */,
				346F11C826E2784500442CFB /* LaunchScreen.storyboard */,
				346F11CB26E2784500442CFB /* Info.plist */,
				346F11CC26E2784500442CFB /* main.m */,
			);
			path = ComponentBus;
			sourceTree = "<group>";
		};
		346F11D526E2784600442CFB /* ComponentBusTests */ = {
			isa = PBXGroup;
			children = (
				346F11D626E2784600442CFB /* ComponentBusTests.m */,
				346F11D826E2784600442CFB /* Info.plist */,
			);
			path = ComponentBusTests;
			sourceTree = "<group>";
		};
		346F11E026E2784600442CFB /* ComponentBusUITests */ = {
			isa = PBXGroup;
			children = (
				346F11E126E2784600442CFB /* ComponentBusUITests.m */,
				346F11E326E2784600442CFB /* Info.plist */,
			);
			path = ComponentBusUITests;
			sourceTree = "<group>";
		};
		509D43585D79D0D9CC25909F /* Frameworks */ = {
			isa = PBXGroup;
			children = (
				BEA3C9D1982BCF08F925F413 /* Pods_ComponentBus.framework */,
				6442DEB27383861FAEB1145E /* Pods_ComponentBus_ComponentBusUITests.framework */,
				780F395ED11C5BB091715005 /* Pods_ComponentBusTests.framework */,
			);
			name = Frameworks;
			sourceTree = "<group>";
		};
		B61FF817376D131610631383 /* Pods */ = {
			isa = PBXGroup;
			children = (
				3F837533D9781F988BA0AF98 /* Pods-ComponentBus.debug.xcconfig */,
				E35F58A36BC8488C98BF0C3E /* Pods-ComponentBus.release.xcconfig */,
				ECEF2739C2F90C0310606E56 /* Pods-ComponentBus-ComponentBusUITests.debug.xcconfig */,
				6CD2A144BD7EE17BB3C4B7EA /* Pods-ComponentBus-ComponentBusUITests.release.xcconfig */,
				5E243E6DEBCA21C5D0BE3B3D /* Pods-ComponentBusTests.debug.xcconfig */,
				1DAD846B3EE88D000ABF776F /* Pods-ComponentBusTests.release.xcconfig */,
			);
			name = Pods;
			path = Pods;
			sourceTree = "<group>";
		};
/* End PBXGroup section */

/* Begin PBXNativeTarget section */
		346F11B626E2784400442CFB /* ComponentBus */ = {
			isa = PBXNativeTarget;
			buildConfigurationList = 346F11E626E2784600442CFB /* Build configuration list for PBXNativeTarget "ComponentBus" */;
			buildPhases = (
				260FD3BBD7C01DA65A06476A /* [CP] Check Pods Manifest.lock */,
				346F11B326E2784400442CFB /* Sources */,
				346F11B426E2784400442CFB /* Frameworks */,
				346F11B526E2784400442CFB /* Resources */,
			);
			buildRules = (
			);
			dependencies = (
			);
			name = ComponentBus;
			productName = ComponentBus;
			productReference = 346F11B726E2784400442CFB /* ComponentBus.app */;
			productType = "com.apple.product-type.application";
		};
		346F11D126E2784600442CFB /* ComponentBusTests */ = {
			isa = PBXNativeTarget;
			buildConfigurationList = 346F11E926E2784600442CFB /* Build configuration list for PBXNativeTarget "ComponentBusTests" */;
			buildPhases = (
				28EBA8770E03F84461E18003 /* [CP] Check Pods Manifest.lock */,
				346F11CE26E2784600442CFB /* Sources */,
				346F11CF26E2784600442CFB /* Frameworks */,
				346F11D026E2784600442CFB /* Resources */,
			);
			buildRules = (
			);
			dependencies = (
				346F11D426E2784600442CFB /* PBXTargetDependency */,
			);
			name = ComponentBusTests;
			productName = ComponentBusTests;
			productReference = 346F11D226E2784600442CFB /* ComponentBusTests.xctest */;
			productType = "com.apple.product-type.bundle.unit-test";
		};
		346F11DC26E2784600442CFB /* ComponentBusUITests */ = {
			isa = PBXNativeTarget;
			buildConfigurationList = 346F11EC26E2784600442CFB /* Build configuration list for PBXNativeTarget "ComponentBusUITests" */;
			buildPhases = (
				C33505C85559A0AB63CCB32A /* [CP] Check Pods Manifest.lock */,
				346F11D926E2784600442CFB /* Sources */,
				346F11DA26E2784600442CFB /* Frameworks */,
				346F11DB26E2784600442CFB /* Resources */,
			);
			buildRules = (
			);
			dependencies = (
				346F11DF26E2784600442CFB /* PBXTargetDependency */,
			);
			name = ComponentBusUITests;
			productName = ComponentBusUITests;
			productReference = 346F11DD26E2784600442CFB /* ComponentBusUITests.xctest */;
			productType = "com.apple.product-type.bundle.ui-testing";
		};
/* End PBXNativeTarget section */

/* Begin PBXProject section */
		346F11AF26E2784400442CFB /* Project object */ = {
			isa = PBXProject;
			attributes = {
				LastUpgradeCheck = 1250;
				TargetAttributes = {
					346F11B626E2784400442CFB = {
						CreatedOnToolsVersion = 12.5;
					};
					346F11D126E2784600442CFB = {
						CreatedOnToolsVersion = 12.5;
						TestTargetID = 346F11B626E2784400442CFB;
					};
					346F11DC26E2784600442CFB = {
						CreatedOnToolsVersion = 12.5;
						TestTargetID = 346F11B626E2784400442CFB;
					};
				};
			};
			buildConfigurationList = 346F11B226E2784400442CFB /* Build configuration list for PBXProject "ComponentBus" */;
			compatibilityVersion = "Xcode 9.3";
			developmentRegion = en;
			hasScannedForEncodings = 0;
			knownRegions = (
				en,
				Base,
			);
			mainGroup = 346F11AE26E2784400442CFB;
			productRefGroup = 346F11B826E2784400442CFB /* Products */;
			projectDirPath = "";
			projectRoot = "";
			targets = (
				346F11B626E2784400442CFB /* ComponentBus */,
				346F11D126E2784600442CFB /* ComponentBusTests */,
				346F11DC26E2784600442CFB /* ComponentBusUITests */,
			);
		};
/* End PBXProject section */

/* Begin PBXResourcesBuildPhase section */
		346F11B526E2784400442CFB /* Resources */ = {
			isa = PBXResourcesBuildPhase;
			buildActionMask = 2147483647;
			files = (
				346F11CA26E2784500442CFB /* LaunchScreen.storyboard in Resources */,
				346F11C726E2784500442CFB /* Assets.xcassets in Resources */,
				346F11C526E2784400442CFB /* Main.storyboard in Resources */,
			);
			runOnlyForDeploymentPostprocessing = 0;
		};
		346F11D026E2784600442CFB /* Resources */ = {
			isa = PBXResourcesBuildPhase;
			buildActionMask = 2147483647;
			files = (
			);
			runOnlyForDeploymentPostprocessing = 0;
		};
		346F11DB26E2784600442CFB /* Resources */ = {
			isa = PBXResourcesBuildPhase;
			buildActionMask = 2147483647;
			files = (
			);
			runOnlyForDeploymentPostprocessing = 0;
		};
/* End PBXResourcesBuildPhase section */

/* Begin PBXShellScriptBuildPhase section */
		260FD3BBD7C01DA65A06476A /* [CP] Check Pods Manifest.lock */ = {
			isa = PBXShellScriptBuildPhase;
			buildActionMask = 2147483647;
			files = (
			);
			inputFileListPaths = (
			);
			inputPaths = (
				"${PODS_PODFILE_DIR_PATH}/Podfile.lock",
				"${PODS_ROOT}/Manifest.lock",
			);
			name = "[CP] Check Pods Manifest.lock";
			outputFileListPaths = (
			);
			outputPaths = (
				"$(DERIVED_FILE_DIR)/Pods-ComponentBus-checkManifestLockResult.txt",
			);
			runOnlyForDeploymentPostprocessing = 0;
			shellPath = /bin/sh;
			shellScript = "diff \"${PODS_PODFILE_DIR_PATH}/Podfile.lock\" \"${PODS_ROOT}/Manifest.lock\" > /dev/null\nif [ $? != 0 ] ; then\n    # print error to STDERR\n    echo \"error: The sandbox is not in sync with the Podfile.lock. Run 'pod install' or update your CocoaPods installation.\" >&2\n    exit 1\nfi\n# This output is used by Xcode 'outputs' to avoid re-running this script phase.\necho \"SUCCESS\" > \"${SCRIPT_OUTPUT_FILE_0}\"\n";
			showEnvVarsInLog = 0;
		};
		28EBA8770E03F84461E18003 /* [CP] Check Pods Manifest.lock */ = {
			isa = PBXShellScriptBuildPhase;
			buildActionMask = 2147483647;
			files = (
			);
			inputFileListPaths = (
			);
			inputPaths = (
				"${PODS_PODFILE_DIR_PATH}/Podfile.lock",
				"${PODS_ROOT}/Manifest.lock",
			);
			name = "[CP] Check Pods Manifest.lock";
			outputFileListPaths = (
			);
			outputPaths = (
				"$(DERIVED_FILE_DIR)/Pods-ComponentBusTests-checkManifestLockResult.txt",
			);
			runOnlyForDeploymentPostprocessing = 0;
			shellPath = /bin/sh;
			shellScript = "diff \"${PODS_PODFILE_DIR_PATH}/Podfile.lock\" \"${PODS_ROOT}/Manifest.lock\" > /dev/null\nif [ $? != 0 ] ; then\n    # print error to STDERR\n    echo \"error: The sandbox is not in sync with the Podfile.lock. Run 'pod install' or update your CocoaPods installation.\" >&2\n    exit 1\nfi\n# This output is used by Xcode 'outputs' to avoid re-running this script phase.\necho \"SUCCESS\" > \"${SCRIPT_OUTPUT_FILE_0}\"\n";
			showEnvVarsInLog = 0;
		};
		C33505C85559A0AB63CCB32A /* [CP] Check Pods Manifest.lock */ = {
			isa = PBXShellScriptBuildPhase;
			buildActionMask = 2147483647;
			files = (
			);
			inputFileListPaths = (
			);
			inputPaths = (
				"${PODS_PODFILE_DIR_PATH}/Podfile.lock",
				"${PODS_ROOT}/Manifest.lock",
			);
			name = "[CP] Check Pods Manifest.lock";
			outputFileListPaths = (
			);
			outputPaths = (
				"$(DERIVED_FILE_DIR)/Pods-ComponentBus-ComponentBusUITests-checkManifestLockResult.txt",
			);
			runOnlyForDeploymentPostprocessing = 0;
			shellPath = /bin/sh;
			shellScript = "diff \"${PODS_PODFILE_DIR_PATH}/Podfile.lock\" \"${PODS_ROOT}/Manifest.lock\" > /dev/null\nif [ $? != 0 ] ; then\n    # print error to STDERR\n    echo \"error: The sandbox is not in sync with the Podfile.lock. Run 'pod install' or update your CocoaPods installation.\" >&2\n    exit 1\nfi\n# This output is used by Xcode 'outputs' to avoid re-running this script phase.\necho \"SUCCESS\" > \"${SCRIPT_OUTPUT_FILE_0}\"\n";
			showEnvVarsInLog = 0;
		};
/* End PBXShellScriptBuildPhase section */

/* Begin PBXSourcesBuildPhase section */
		346F11B326E2784400442CFB /* Sources */ = {
			isa = PBXSourcesBuildPhase;
			buildActionMask = 2147483647;
			files = (
				346F11C226E2784400442CFB /* ViewController.m in Sources */,
				346F11BC26E2784400442CFB /* AppDelegate.m in Sources */,
				346F11CD26E2784500442CFB /* main.m in Sources */,
				346F11BF26E2784400442CFB /* SceneDelegate.m in Sources */,
			);
			runOnlyForDeploymentPostprocessing = 0;
		};
		346F11CE26E2784600442CFB /* Sources */ = {
			isa = PBXSourcesBuildPhase;
			buildActionMask = 2147483647;
			files = (
				346F11D726E2784600442CFB /* ComponentBusTests.m in Sources */,
			);
			runOnlyForDeploymentPostprocessing = 0;
		};
		346F11D926E2784600442CFB /* Sources */ = {
			isa = PBXSourcesBuildPhase;
			buildActionMask = 2147483647;
			files = (
				346F11E226E2784600442CFB /* ComponentBusUITests.m in Sources */,
			);
			runOnlyForDeploymentPostprocessing = 0;
		};
/* End PBXSourcesBuildPhase section */

/* Begin PBXTargetDependency section */
		346F11D426E2784600442CFB /* PBXTargetDependency */ = {
			isa = PBXTargetDependency;
			target = 346F11B626E2784400442CFB /* ComponentBus */;
			targetProxy = 346F11D326E2784600442CFB /* PBXContainerItemProxy */;
		};
		346F11DF26E2784600442CFB /* PBXTargetDependency */ = {
			isa = PBXTargetDependency;
			target = 346F11B626E2784400442CFB /* ComponentBus */;
			targetProxy = 346F11DE26E2784600442CFB /* PBXContainerItemProxy */;
		};
/* End PBXTargetDependency section */

/* Begin PBXVariantGroup section */
		346F11C326E2784400442CFB /* Main.storyboard */ = {
			isa = PBXVariantGroup;
			children = (
				346F11C426E2784400442CFB /* Base */,
			);
			name = Main.storyboard;
			sourceTree = "<group>";
		};
		346F11C826E2784500442CFB /* LaunchScreen.storyboard */ = {
			isa = PBXVariantGroup;
			children = (
				346F11C926E2784500442CFB /* Base */,
			);
			name = LaunchScreen.storyboard;
			sourceTree = "<group>";
		};
/* End PBXVariantGroup section */

/* Begin XCBuildConfiguration section */
		346F11E426E2784600442CFB /* Debug */ = {
			isa = XCBuildConfiguration;
			buildSettings = {
				ALWAYS_SEARCH_USER_PATHS = NO;
				CLANG_ANALYZER_NONNULL = YES;
				CLANG_ANALYZER_NUMBER_OBJECT_CONVERSION = YES_AGGRESSIVE;
				CLANG_CXX_LANGUAGE_STANDARD = "gnu++14";
				CLANG_CXX_LIBRARY = "libc++";
				CLANG_ENABLE_MODULES = YES;
				CLANG_ENABLE_OBJC_ARC = YES;
				CLANG_ENABLE_OBJC_WEAK = YES;
				CLANG_WARN_BLOCK_CAPTURE_AUTORELEASING = YES;
				CLANG_WARN_BOOL_CONVERSION = YES;
				CLANG_WARN_COMMA = YES;
				CLANG_WARN_CONSTANT_CONVERSION = YES;
				CLANG_WARN_DEPRECATED_OBJC_IMPLEMENTATIONS = YES;
				CLANG_WARN_DIRECT_OBJC_ISA_USAGE = YES_ERROR;
				CLANG_WARN_DOCUMENTATION_COMMENTS = YES;
				CLANG_WARN_EMPTY_BODY = YES;
				CLANG_WARN_ENUM_CONVERSION = YES;
				CLANG_WARN_INFINITE_RECURSION = YES;
				CLANG_WARN_INT_CONVERSION = YES;
				CLANG_WARN_NON_LITERAL_NULL_CONVERSION = YES;
				CLANG_WARN_OBJC_IMPLICIT_RETAIN_SELF = YES;
				CLANG_WARN_OBJC_LITERAL_CONVERSION = YES;
				CLANG_WARN_OBJC_ROOT_CLASS = YES_ERROR;
				CLANG_WARN_QUOTED_INCLUDE_IN_FRAMEWORK_HEADER = YES;
				CLANG_WARN_RANGE_LOOP_ANALYSIS = YES;
				CLANG_WARN_STRICT_PROTOTYPES = YES;
				CLANG_WARN_SUSPICIOUS_MOVE = YES;
				CLANG_WARN_UNGUARDED_AVAILABILITY = YES_AGGRESSIVE;
				CLANG_WARN_UNREACHABLE_CODE = YES;
				CLANG_WARN__DUPLICATE_METHOD_MATCH = YES;
				COPY_PHASE_STRIP = NO;
				DEBUG_INFORMATION_FORMAT = dwarf;
				ENABLE_STRICT_OBJC_MSGSEND = YES;
				ENABLE_TESTABILITY = YES;
				GCC_C_LANGUAGE_STANDARD = gnu11;
				GCC_DYNAMIC_NO_PIC = NO;
				GCC_NO_COMMON_BLOCKS = YES;
				GCC_OPTIMIZATION_LEVEL = 0;
				GCC_PREPROCESSOR_DEFINITIONS = (
					"DEBUG=1",
					"$(inherited)",
				);
				GCC_WARN_64_TO_32_BIT_CONVERSION = YES;
				GCC_WARN_ABOUT_RETURN_TYPE = YES_ERROR;
				GCC_WARN_UNDECLARED_SELECTOR = YES;
				GCC_WARN_UNINITIALIZED_AUTOS = YES_AGGRESSIVE;
				GCC_WARN_UNUSED_FUNCTION = YES;
				GCC_WARN_UNUSED_VARIABLE = YES;
				IPHONEOS_DEPLOYMENT_TARGET = 14.5;
				MTL_ENABLE_DEBUG_INFO = INCLUDE_SOURCE;
				MTL_FAST_MATH = YES;
				ONLY_ACTIVE_ARCH = YES;
				SDKROOT = iphoneos;
			};
			name = Debug;
		};
		346F11E526E2784600442CFB /* Release */ = {
			isa = XCBuildConfiguration;
			buildSettings = {
				ALWAYS_SEARCH_USER_PATHS = NO;
				CLANG_ANALYZER_NONNULL = YES;
				CLANG_ANALYZER_NUMBER_OBJECT_CONVERSION = YES_AGGRESSIVE;
				CLANG_CXX_LANGUAGE_STANDARD = "gnu++14";
				CLANG_CXX_LIBRARY = "libc++";
				CLANG_ENABLE_MODULES = YES;
				CLANG_ENABLE_OBJC_ARC = YES;
				CLANG_ENABLE_OBJC_WEAK = YES;
				CLANG_WARN_BLOCK_CAPTURE_AUTORELEASING = YES;
				CLANG_WARN_BOOL_CONVERSION = YES;
				CLANG_WARN_COMMA = YES;
				CLANG_WARN_CONSTANT_CONVERSION = YES;
				CLANG_WARN_DEPRECATED_OBJC_IMPLEMENTATIONS = YES;
				CLANG_WARN_DIRECT_OBJC_ISA_USAGE = YES_ERROR;
				CLANG_WARN_DOCUMENTATION_COMMENTS = YES;
				CLANG_WARN_EMPTY_BODY = YES;
				CLANG_WARN_ENUM_CONVERSION = YES;
				CLANG_WARN_INFINITE_RECURSION = YES;
				CLANG_WARN_INT_CONVERSION = YES;
				CLANG_WARN_NON_LITERAL_NULL_CONVERSION = YES;
				CLANG_WARN_OBJC_IMPLICIT_RETAIN_SELF = YES;
				CLANG_WARN_OBJC_LITERAL_CONVERSION = YES;
				CLANG_WARN_OBJC_ROOT_CLASS = YES_ERROR;
				CLANG_WARN_QUOTED_INCLUDE_IN_FRAMEWORK_HEADER = YES;
				CLANG_WARN_RANGE_LOOP_ANALYSIS = YES;
				CLANG_WARN_STRICT_PROTOTYPES = YES;
				CLANG_WARN_SUSPICIOUS_MOVE = YES;
				CLANG_WARN_UNGUARDED_AVAILABILITY = YES_AGGRESSIVE;
				CLANG_WARN_UNREACHABLE_CODE = YES;
				CLANG_WARN__DUPLICATE_METHOD_MATCH = YES;
				COPY_PHASE_STRIP = NO;
				DEBUG_INFORMATION_FORMAT = "dwarf-with-dsym";
				ENABLE_NS_ASSERTIONS = NO;
				ENABLE_STRICT_OBJC_MSGSEND = YES;
				GCC_C_LANGUAGE_STANDARD = gnu11;
				GCC_NO_COMMON_BLOCKS = YES;
				GCC_WARN_64_TO_32_BIT_CONVERSION = YES;
				GCC_WARN_ABOUT_RETURN_TYPE = YES_ERROR;
				GCC_WARN_UNDECLARED_SELECTOR = YES;
				GCC_WARN_UNINITIALIZED_AUTOS = YES_AGGRESSIVE;
				GCC_WARN_UNUSED_FUNCTION = YES;
				GCC_WARN_UNUSED_VARIABLE = YES;
				IPHONEOS_DEPLOYMENT_TARGET = 14.5;
				MTL_ENABLE_DEBUG_INFO = NO;
				MTL_FAST_MATH = YES;
				SDKROOT = iphoneos;
				VALIDATE_PRODUCT = YES;
			};
			name = Release;
		};
		346F11E726E2784600442CFB /* Debug */ = {
			isa = XCBuildConfiguration;
			baseConfigurationReference = 3F837533D9781F988BA0AF98 /* Pods-ComponentBus.debug.xcconfig */;
			buildSettings = {
				ASSETCATALOG_COMPILER_APPICON_NAME = AppIcon;
				ASSETCATALOG_COMPILER_GLOBAL_ACCENT_COLOR_NAME = AccentColor;
				CODE_SIGN_STYLE = Automatic;
				INFOPLIST_FILE = ComponentBus/Info.plist;
				LD_RUNPATH_SEARCH_PATHS = (
					"$(inherited)",
					"@executable_path/Frameworks",
				);
				PRODUCT_BUNDLE_IDENTIFIER = com.ComponentBus;
				PRODUCT_NAME = "$(TARGET_NAME)";
				TARGETED_DEVICE_FAMILY = "1,2";
			};
			name = Debug;
		};
		346F11E826E2784600442CFB /* Release */ = {
			isa = XCBuildConfiguration;
			baseConfigurationReference = E35F58A36BC8488C98BF0C3E /* Pods-ComponentBus.release.xcconfig */;
			buildSettings = {
				ASSETCATALOG_COMPILER_APPICON_NAME = AppIcon;
				ASSETCATALOG_COMPILER_GLOBAL_ACCENT_COLOR_NAME = AccentColor;
				CODE_SIGN_STYLE = Automatic;
				INFOPLIST_FILE = ComponentBus/Info.plist;
				LD_RUNPATH_SEARCH_PATHS = (
					"$(inherited)",
					"@executable_path/Frameworks",
				);
				PRODUCT_BUNDLE_IDENTIFIER = com.ComponentBus;
				PRODUCT_NAME = "$(TARGET_NAME)";
				TARGETED_DEVICE_FAMILY = "1,2";
			};
			name = Release;
		};
		346F11EA26E2784600442CFB /* Debug */ = {
			isa = XCBuildConfiguration;
			baseConfigurationReference = 5E243E6DEBCA21C5D0BE3B3D /* Pods-ComponentBusTests.debug.xcconfig */;
			buildSettings = {
				BUNDLE_LOADER = "$(TEST_HOST)";
				CODE_SIGN_STYLE = Automatic;
				INFOPLIST_FILE = ComponentBusTests/Info.plist;
				IPHONEOS_DEPLOYMENT_TARGET = 14.5;
				LD_RUNPATH_SEARCH_PATHS = (
					"$(inherited)",
					"@executable_path/Frameworks",
					"@loader_path/Frameworks",
				);
				PRODUCT_BUNDLE_IDENTIFIER = com.ComponentBusTests;
				PRODUCT_NAME = "$(TARGET_NAME)";
				TARGETED_DEVICE_FAMILY = "1,2";
				TEST_HOST = "$(BUILT_PRODUCTS_DIR)/ComponentBus.app/ComponentBus";
			};
			name = Debug;
		};
		346F11EB26E2784600442CFB /* Release */ = {
			isa = XCBuildConfiguration;
			baseConfigurationReference = 1DAD846B3EE88D000ABF776F /* Pods-ComponentBusTests.release.xcconfig */;
			buildSettings = {
				BUNDLE_LOADER = "$(TEST_HOST)";
				CODE_SIGN_STYLE = Automatic;
				INFOPLIST_FILE = ComponentBusTests/Info.plist;
				IPHONEOS_DEPLOYMENT_TARGET = 14.5;
				LD_RUNPATH_SEARCH_PATHS = (
					"$(inherited)",
					"@executable_path/Frameworks",
					"@loader_path/Frameworks",
				);
				PRODUCT_BUNDLE_IDENTIFIER = com.ComponentBusTests;
				PRODUCT_NAME = "$(TARGET_NAME)";
				TARGETED_DEVICE_FAMILY = "1,2";
				TEST_HOST = "$(BUILT_PRODUCTS_DIR)/ComponentBus.app/ComponentBus";
			};
			name = Release;
		};
		346F11ED26E2784600442CFB /* Debug */ = {
			isa = XCBuildConfiguration;
			baseConfigurationReference = ECEF2739C2F90C0310606E56 /* Pods-ComponentBus-ComponentBusUITests.debug.xcconfig */;
			buildSettings = {
				CODE_SIGN_STYLE = Automatic;
				INFOPLIST_FILE = ComponentBusUITests/Info.plist;
				LD_RUNPATH_SEARCH_PATHS = (
					"$(inherited)",
					"@executable_path/Frameworks",
					"@loader_path/Frameworks",
				);
				PRODUCT_BUNDLE_IDENTIFIER = com.ComponentBusUITests;
				PRODUCT_NAME = "$(TARGET_NAME)";
				TARGETED_DEVICE_FAMILY = "1,2";
				TEST_TARGET_NAME = ComponentBus;
			};
			name = Debug;
		};
		346F11EE26E2784600442CFB /* Release */ = {
			isa = XCBuildConfiguration;
			baseConfigurationReference = 6CD2A144BD7EE17BB3C4B7EA /* Pods-ComponentBus-ComponentBusUITests.release.xcconfig */;
			buildSettings = {
				CODE_SIGN_STYLE = Automatic;
				INFOPLIST_FILE = ComponentBusUITests/Info.plist;
				LD_RUNPATH_SEARCH_PATHS = (
					"$(inherited)",
					"@executable_path/Frameworks",
					"@loader_path/Frameworks",
				);
				PRODUCT_BUNDLE_IDENTIFIER = com.ComponentBusUITests;
				PRODUCT_NAME = "$(TARGET_NAME)";
				TARGETED_DEVICE_FAMILY = "1,2";
				TEST_TARGET_NAME = ComponentBus;
			};
			name = Release;
		};
/* End XCBuildConfiguration section */

/* Begin XCConfigurationList section */
		346F11B226E2784400442CFB /* Build configuration list for PBXProject "ComponentBus" */ = {
			isa = XCConfigurationList;
			buildConfigurations = (
				346F11E426E2784600442CFB /* Debug */,
				346F11E526E2784600442CFB /* Release */,
			);
			defaultConfigurationIsVisible = 0;
			defaultConfigurationName = Release;
		};
		346F11E626E2784600442CFB /* Build configuration list for PBXNativeTarget "ComponentBus" */ = {
			isa = XCConfigurationList;
			buildConfigurations = (
				346F11E726E2784600442CFB /* Debug */,
				346F11E826E2784600442CFB /* Release */,
			);
			defaultConfigurationIsVisible = 0;
			defaultConfigurationName = Release;
		};
		346F11E926E2784600442CFB /* Build configuration list for PBXNativeTarget "ComponentBusTests" */ = {
			isa = XCConfigurationList;
			buildConfigurations = (
				346F11EA26E2784600442CFB /* Debug */,
				346F11EB26E2784600442CFB /* Release */,
			);
			defaultConfigurationIsVisible = 0;
			defaultConfigurationName = Release;
		};
		346F11EC26E2784600442CFB /* Build configuration list for PBXNativeTarget "ComponentBusUITests" */ = {
			isa = XCConfigurationList;
			buildConfigurations = (
				346F11ED26E2784600442CFB /* Debug */,
				346F11EE26E2784600442CFB /* Release */,
			);
			defaultConfigurationIsVisible = 0;
			defaultConfigurationName = Release;
		};
/* End XCConfigurationList section */
	};
	rootObject = 346F11AF26E2784400442CFB /* Project object */;
}
